
Microsoft Visual Studio Solution File, Format Version 12.00
# Visual Studio Version 16
VisualStudioVersion = 16.0.30320.27
MinimumVisualStudioVersion = 10.0.40219.1
Project("{9A19103F-16F7-4668-BE54-9A1E7A4F7556}") = "ConsoleApp1", "ConsoleApp1\ConsoleApp1.csproj", "{8C005FCB-5B4F-44F7-92BB-D773F52510EE}"
EndProject
Project("{2150E333-8FDC-42A3-9474-1A3956D46DE8}") = "Behavioral", "Behavioral", "{EBBFF4A0-327F-4B5C-A755-F1A4B3AE3B0D}"
EndProject
Project("{2150E333-8FDC-42A3-9474-1A3956D46DE8}") = "Structural", "Structural", "{9A7359EE-4581-4CC4-BFF1-A21A523A0947}"
EndProject
Project("{2150E333-8FDC-42A3-9474-1A3956D46DE8}") = "Creational", "Creational", "{BE4DF80E-0177-4354-AF5C-D0FA25F198A4}"
EndProject
Project("{9A19103F-16F7-4668-BE54-9A1E7A4F7556}") = "Strategy", "Behavioral\Strategy\Strategy.csproj", "{2B0FBB56-D747-4889-AC01-829F285AE684}"
EndProject
Project("{9A19103F-16F7-4668-BE54-9A1E7A4F7556}") = "State", "Behavioral\State\State.csproj", "{32366EF9-6A18-422C-B038-FE2ED4C78B7D}"
EndProject
Project("{9A19103F-16F7-4668-BE54-9A1E7A4F7556}") = "Observer", "Behavioral\Observer\Observer.csproj", "{339EB321-8C8D-4EC0-AF32-5E10BF31657A}"
EndProject
Project("{FAE04EC0-301F-11D3-BF4B-00C04F79EFBC}") = "Visitor", "Behavioral\Visitor\Visitor.csproj", "{9CA0F1EA-C636-475A-B0A7-C22A3F0F3DC2}"
EndProject
Project("{FAE04EC0-301F-11D3-BF4B-00C04F79EFBC}") = "Facade", "Structural\Facade\Facade.csproj", "{CE7C7809-5AB9-4010-BAEB-793F3104F7A0}"
EndProject
Global
	GlobalSection(SolutionConfigurationPlatforms) = preSolution
		Debug|Any CPU = Debug|Any CPU
		Release|Any CPU = Release|Any CPU
	EndGlobalSection
	GlobalSection(ProjectConfigurationPlatforms) = postSolution
		{8C005FCB-5B4F-44F7-92BB-D773F52510EE}.Debug|Any CPU.ActiveCfg = Debug|Any CPU
		{8C005FCB-5B4F-44F7-92BB-D773F52510EE}.Debug|Any CPU.Build.0 = Debug|Any CPU
		{8C005FCB-5B4F-44F7-92BB-D773F52510EE}.Release|Any CPU.ActiveCfg = Release|Any CPU
		{8C005FCB-5B4F-44F7-92BB-D773F52510EE}.Release|Any CPU.Build.0 = Release|Any CPU
		{2B0FBB56-D747-4889-AC01-829F285AE684}.Debug|Any CPU.ActiveCfg = Debug|Any CPU
		{2B0FBB56-D747-4889-AC01-829F285AE684}.Debug|Any CPU.Build.0 = Debug|Any CPU
		{2B0FBB56-D747-4889-AC01-829F285AE684}.Release|Any CPU.ActiveCfg = Release|Any CPU
		{2B0FBB56-D747-4889-AC01-829F285AE684}.Release|Any CPU.Build.0 = Release|Any CPU
		{32366EF9-6A18-422C-B038-FE2ED4C78B7D}.Debug|Any CPU.ActiveCfg = Debug|Any CPU
		{32366EF9-6A18-422C-B038-FE2ED4C78B7D}.Debug|Any CPU.Build.0 = Debug|Any CPU
		{32366EF9-6A18-422C-B038-FE2ED4C78B7D}.Release|Any CPU.ActiveCfg = Release|Any CPU
		{32366EF9-6A18-422C-B038-FE2ED4C78B7D}.Release|Any CPU.Build.0 = Release|Any CPU
		{339EB321-8C8D-4EC0-AF32-5E10BF31657A}.Debug|Any CPU.ActiveCfg = Debug|Any CPU
		{339EB321-8C8D-4EC0-AF32-5E10BF31657A}.Debug|Any CPU.Build.0 = Debug|Any CPU
		{339EB321-8C8D-4EC0-AF32-5E10BF31657A}.Release|Any CPU.ActiveCfg = Release|Any CPU
		{339EB321-8C8D-4EC0-AF32-5E10BF31657A}.Release|Any CPU.Build.0 = Release|Any CPU
		{9CA0F1EA-C636-475A-B0A7-C22A3F0F3DC2}.Debug|Any CPU.ActiveCfg = Debug|Any CPU
		{9CA0F1EA-C636-475A-B0A7-C22A3F0F3DC2}.Debug|Any CPU.Build.0 = Debug|Any CPU
		{9CA0F1EA-C636-475A-B0A7-C22A3F0F3DC2}.Release|Any CPU.ActiveCfg = Release|Any CPU
		{9CA0F1EA-C636-475A-B0A7-C22A3F0F3DC2}.Release|Any CPU.Build.0 = Release|Any CPU
		{CE7C7809-5AB9-4010-BAEB-793F3104F7A0}.Debug|Any CPU.ActiveCfg = Debug|Any CPU
		{CE7C7809-5AB9-4010-BAEB-793F3104F7A0}.Debug|Any CPU.Build.0 = Debug|Any CPU
		{CE7C7809-5AB9-4010-BAEB-793F3104F7A0}.Release|Any CPU.ActiveCfg = Release|Any CPU
		{CE7C7809-5AB9-4010-BAEB-793F3104F7A0}.Release|Any CPU.Build.0 = Release|Any CPU
	EndGlobalSection
	GlobalSection(SolutionProperties) = preSolution
		HideSolutionNode = FALSE
	EndGlobalSection
	GlobalSection(NestedProjects) = preSolution
		{2B0FBB56-D747-4889-AC01-829F285AE684} = {EBBFF4A0-327F-4B5C-A755-F1A4B3AE3B0D}
		{32366EF9-6A18-422C-B038-FE2ED4C78B7D} = {EBBFF4A0-327F-4B5C-A755-F1A4B3AE3B0D}
		{339EB321-8C8D-4EC0-AF32-5E10BF31657A} = {EBBFF4A0-327F-4B5C-A755-F1A4B3AE3B0D}
		{9CA0F1EA-C636-475A-B0A7-C22A3F0F3DC2} = {EBBFF4A0-327F-4B5C-A755-F1A4B3AE3B0D}
		{CE7C7809-5AB9-4010-BAEB-793F3104F7A0} = {9A7359EE-4581-4CC4-BFF1-A21A523A0947}
	EndGlobalSection
	GlobalSection(ExtensibilityGlobals) = postSolution
		SolutionGuid = {24C58AE7-213D-4712-B112-A0F59E10EF8C}
	EndGlobalSection
EndGlobal
