
Microsoft Visual Studio Solution File, Format Version 12.00
# Visual Studio Version 16
VisualStudioVersion = 16.0.30320.27
MinimumVisualStudioVersion = 10.0.40219.1
Project("{9A19103F-16F7-4668-BE54-9A1E7A4F7556}") = "ConsoleApp1", "ConsoleApp1\ConsoleApp1.csproj", "{8C005FCB-5B4F-44F7-92BB-D773F52510EE}"
EndProject
Project("{2150E333-8FDC-42A3-9474-1A3956D46DE8}") = "Behavioral", "Behavioral", "{EBBFF4A0-327F-4B5C-A755-F1A4B3AE3B0D}"
EndProject
Project("{2150E333-8FDC-42A3-9474-1A3956D46DE8}") = "Structural", "Structural", "{9A7359EE-4581-4CC4-BFF1-A21A523A0947}"
EndProject
Project("{2150E333-8FDC-42A3-9474-1A3956D46DE8}") = "Creational", "Creational", "{BE4DF80E-0177-4354-AF5C-D0FA25F198A4}"
EndProject
Project("{9A19103F-16F7-4668-BE54-9A1E7A4F7556}") = "Strategy", "Behavioral\Strategy\Strategy.csproj", "{2B0FBB56-D747-4889-AC01-829F285AE684}"
EndProject
Project("{9A19103F-16F7-4668-BE54-9A1E7A4F7556}") = "State", "Behavioral\State\State.csproj", "{32366EF9-6A18-422C-B038-FE2ED4C78B7D}"
EndProject
Project("{9A19103F-16F7-4668-BE54-9A1E7A4F7556}") = "Observer", "Behavioral\Observer\Observer.csproj", "{339EB321-8C8D-4EC0-AF32-5E10BF31657A}"
EndProject
Project("{9A19103F-16F7-4668-BE54-9A1E7A4F7556}") = "Visitor", "Behavioral\Visitor\Visitor.csproj", "{9CA0F1EA-C636-475A-B0A7-C22A3F0F3DC2}"
EndProject
Project("{9A19103F-16F7-4668-BE54-9A1E7A4F7556}") = "Facade", "Structural\Facade\Facade.csproj", "{CE7C7809-5AB9-4010-BAEB-793F3104F7A0}"
EndProject
Project("{9A19103F-16F7-4668-BE54-9A1E7A4F7556}") = "Decorator", "Structural\Decorator\Decorator.csproj", "{5701585A-239F-41C1-9040-CF710B56E7F8}"
EndProject
Project("{9A19103F-16F7-4668-BE54-9A1E7A4F7556}") = "Adapter", "Structural\Adapter\Adapter.csproj", "{13167C84-6297-435F-9E56-EB14F51A7532}"
EndProject
Project("{9A19103F-16F7-4668-BE54-9A1E7A4F7556}") = "Composite", "Structural\Composite\Composite.csproj", "{740CA039-161A-42C4-AC5E-3409D08D781F}"
EndProject
Project("{9A19103F-16F7-4668-BE54-9A1E7A4F7556}") = "Proxy", "Structural\Proxy\Proxy.csproj", "{F608CB6A-45D0-4F43-A0F6-D87669B64444}"
EndProject
Project("{9A19103F-16F7-4668-BE54-9A1E7A4F7556}") = "Memento", "Behavioral\Memento\Memento.csproj", "{324D46AB-5706-498C-A21D-A3F64151357A}"
EndProject
Project("{9A19103F-16F7-4668-BE54-9A1E7A4F7556}") = "TemplateMethod", "Behavioral\TemplateMethod\TemplateMethod.csproj", "{7E244833-A250-4AF7-A1C4-C5A5BB8B0E50}"
EndProject
Project("{9A19103F-16F7-4668-BE54-9A1E7A4F7556}") = "Bridge", "Structural\Bridge\Bridge.csproj", "{3519112B-2895-4CCF-A670-43621B54C148}"
EndProject
Project("{9A19103F-16F7-4668-BE54-9A1E7A4F7556}") = "FlyWeight", "Structural\FlyWeight\FlyWeight.csproj", "{46F54D5C-D55E-4E48-95D3-A6A7F1458C65}"
EndProject
Project("{9A19103F-16F7-4668-BE54-9A1E7A4F7556}") = "ChainOfResponsibility", "Behavioral\ChainOfResponsibility\ChainOfResponsibility.csproj", "{4ED6F949-BF52-48FD-9052-35E27ACFF4C3}"
EndProject
Project("{9A19103F-16F7-4668-BE54-9A1E7A4F7556}") = "Iterator", "Behavioral\Iterator\Iterator.csproj", "{B4980430-45D7-4B21-BAAA-C7EB22EFF36F}"
EndProject
Project("{FAE04EC0-301F-11D3-BF4B-00C04F79EFBC}") = "Command", "Behavioral\Command\Command.csproj", "{EB3FFA35-1062-419D-B5DA-AE6AB0C8EA4F}"
EndProject
Global
	GlobalSection(SolutionConfigurationPlatforms) = preSolution
		Debug|Any CPU = Debug|Any CPU
		Release|Any CPU = Release|Any CPU
	EndGlobalSection
	GlobalSection(ProjectConfigurationPlatforms) = postSolution
		{8C005FCB-5B4F-44F7-92BB-D773F52510EE}.Debug|Any CPU.ActiveCfg = Debug|Any CPU
		{8C005FCB-5B4F-44F7-92BB-D773F52510EE}.Debug|Any CPU.Build.0 = Debug|Any CPU
		{8C005FCB-5B4F-44F7-92BB-D773F52510EE}.Release|Any CPU.ActiveCfg = Release|Any CPU
		{8C005FCB-5B4F-44F7-92BB-D773F52510EE}.Release|Any CPU.Build.0 = Release|Any CPU
		{2B0FBB56-D747-4889-AC01-829F285AE684}.Debug|Any CPU.ActiveCfg = Debug|Any CPU
		{2B0FBB56-D747-4889-AC01-829F285AE684}.Debug|Any CPU.Build.0 = Debug|Any CPU
		{2B0FBB56-D747-4889-AC01-829F285AE684}.Release|Any CPU.ActiveCfg = Release|Any CPU
		{2B0FBB56-D747-4889-AC01-829F285AE684}.Release|Any CPU.Build.0 = Release|Any CPU
		{32366EF9-6A18-422C-B038-FE2ED4C78B7D}.Debug|Any CPU.ActiveCfg = Debug|Any CPU
		{32366EF9-6A18-422C-B038-FE2ED4C78B7D}.Debug|Any CPU.Build.0 = Debug|Any CPU
		{32366EF9-6A18-422C-B038-FE2ED4C78B7D}.Release|Any CPU.ActiveCfg = Release|Any CPU
		{32366EF9-6A18-422C-B038-FE2ED4C78B7D}.Release|Any CPU.Build.0 = Release|Any CPU
		{339EB321-8C8D-4EC0-AF32-5E10BF31657A}.Debug|Any CPU.ActiveCfg = Debug|Any CPU
		{339EB321-8C8D-4EC0-AF32-5E10BF31657A}.Debug|Any CPU.Build.0 = Debug|Any CPU
		{339EB321-8C8D-4EC0-AF32-5E10BF31657A}.Release|Any CPU.ActiveCfg = Release|Any CPU
		{339EB321-8C8D-4EC0-AF32-5E10BF31657A}.Release|Any CPU.Build.0 = Release|Any CPU
		{9CA0F1EA-C636-475A-B0A7-C22A3F0F3DC2}.Debug|Any CPU.ActiveCfg = Debug|Any CPU
		{9CA0F1EA-C636-475A-B0A7-C22A3F0F3DC2}.Debug|Any CPU.Build.0 = Debug|Any CPU
		{9CA0F1EA-C636-475A-B0A7-C22A3F0F3DC2}.Release|Any CPU.ActiveCfg = Release|Any CPU
		{9CA0F1EA-C636-475A-B0A7-C22A3F0F3DC2}.Release|Any CPU.Build.0 = Release|Any CPU
		{CE7C7809-5AB9-4010-BAEB-793F3104F7A0}.Debug|Any CPU.ActiveCfg = Debug|Any CPU
		{CE7C7809-5AB9-4010-BAEB-793F3104F7A0}.Debug|Any CPU.Build.0 = Debug|Any CPU
		{CE7C7809-5AB9-4010-BAEB-793F3104F7A0}.Release|Any CPU.ActiveCfg = Release|Any CPU
		{CE7C7809-5AB9-4010-BAEB-793F3104F7A0}.Release|Any CPU.Build.0 = Release|Any CPU
		{5701585A-239F-41C1-9040-CF710B56E7F8}.Debug|Any CPU.ActiveCfg = Debug|Any CPU
		{5701585A-239F-41C1-9040-CF710B56E7F8}.Debug|Any CPU.Build.0 = Debug|Any CPU
		{5701585A-239F-41C1-9040-CF710B56E7F8}.Release|Any CPU.ActiveCfg = Release|Any CPU
		{5701585A-239F-41C1-9040-CF710B56E7F8}.Release|Any CPU.Build.0 = Release|Any CPU
		{13167C84-6297-435F-9E56-EB14F51A7532}.Debug|Any CPU.ActiveCfg = Debug|Any CPU
		{13167C84-6297-435F-9E56-EB14F51A7532}.Debug|Any CPU.Build.0 = Debug|Any CPU
		{13167C84-6297-435F-9E56-EB14F51A7532}.Release|Any CPU.ActiveCfg = Release|Any CPU
		{13167C84-6297-435F-9E56-EB14F51A7532}.Release|Any CPU.Build.0 = Release|Any CPU
		{740CA039-161A-42C4-AC5E-3409D08D781F}.Debug|Any CPU.ActiveCfg = Debug|Any CPU
		{740CA039-161A-42C4-AC5E-3409D08D781F}.Debug|Any CPU.Build.0 = Debug|Any CPU
		{740CA039-161A-42C4-AC5E-3409D08D781F}.Release|Any CPU.ActiveCfg = Release|Any CPU
		{740CA039-161A-42C4-AC5E-3409D08D781F}.Release|Any CPU.Build.0 = Release|Any CPU
		{F608CB6A-45D0-4F43-A0F6-D87669B64444}.Debug|Any CPU.ActiveCfg = Debug|Any CPU
		{F608CB6A-45D0-4F43-A0F6-D87669B64444}.Debug|Any CPU.Build.0 = Debug|Any CPU
		{F608CB6A-45D0-4F43-A0F6-D87669B64444}.Release|Any CPU.ActiveCfg = Release|Any CPU
		{F608CB6A-45D0-4F43-A0F6-D87669B64444}.Release|Any CPU.Build.0 = Release|Any CPU
		{324D46AB-5706-498C-A21D-A3F64151357A}.Debug|Any CPU.ActiveCfg = Debug|Any CPU
		{324D46AB-5706-498C-A21D-A3F64151357A}.Debug|Any CPU.Build.0 = Debug|Any CPU
		{324D46AB-5706-498C-A21D-A3F64151357A}.Release|Any CPU.ActiveCfg = Release|Any CPU
		{324D46AB-5706-498C-A21D-A3F64151357A}.Release|Any CPU.Build.0 = Release|Any CPU
		{7E244833-A250-4AF7-A1C4-C5A5BB8B0E50}.Debug|Any CPU.ActiveCfg = Debug|Any CPU
		{7E244833-A250-4AF7-A1C4-C5A5BB8B0E50}.Debug|Any CPU.Build.0 = Debug|Any CPU
		{7E244833-A250-4AF7-A1C4-C5A5BB8B0E50}.Release|Any CPU.ActiveCfg = Release|Any CPU
		{7E244833-A250-4AF7-A1C4-C5A5BB8B0E50}.Release|Any CPU.Build.0 = Release|Any CPU
		{3519112B-2895-4CCF-A670-43621B54C148}.Debug|Any CPU.ActiveCfg = Debug|Any CPU
		{3519112B-2895-4CCF-A670-43621B54C148}.Debug|Any CPU.Build.0 = Debug|Any CPU
		{3519112B-2895-4CCF-A670-43621B54C148}.Release|Any CPU.ActiveCfg = Release|Any CPU
		{3519112B-2895-4CCF-A670-43621B54C148}.Release|Any CPU.Build.0 = Release|Any CPU
		{46F54D5C-D55E-4E48-95D3-A6A7F1458C65}.Debug|Any CPU.ActiveCfg = Debug|Any CPU
		{46F54D5C-D55E-4E48-95D3-A6A7F1458C65}.Debug|Any CPU.Build.0 = Debug|Any CPU
		{46F54D5C-D55E-4E48-95D3-A6A7F1458C65}.Release|Any CPU.ActiveCfg = Release|Any CPU
		{46F54D5C-D55E-4E48-95D3-A6A7F1458C65}.Release|Any CPU.Build.0 = Release|Any CPU
		{4ED6F949-BF52-48FD-9052-35E27ACFF4C3}.Debug|Any CPU.ActiveCfg = Debug|Any CPU
		{4ED6F949-BF52-48FD-9052-35E27ACFF4C3}.Debug|Any CPU.Build.0 = Debug|Any CPU
		{4ED6F949-BF52-48FD-9052-35E27ACFF4C3}.Release|Any CPU.ActiveCfg = Release|Any CPU
		{4ED6F949-BF52-48FD-9052-35E27ACFF4C3}.Release|Any CPU.Build.0 = Release|Any CPU
		{B4980430-45D7-4B21-BAAA-C7EB22EFF36F}.Debug|Any CPU.ActiveCfg = Debug|Any CPU
		{B4980430-45D7-4B21-BAAA-C7EB22EFF36F}.Debug|Any CPU.Build.0 = Debug|Any CPU
		{B4980430-45D7-4B21-BAAA-C7EB22EFF36F}.Release|Any CPU.ActiveCfg = Release|Any CPU
		{B4980430-45D7-4B21-BAAA-C7EB22EFF36F}.Release|Any CPU.Build.0 = Release|Any CPU
		{EB3FFA35-1062-419D-B5DA-AE6AB0C8EA4F}.Debug|Any CPU.ActiveCfg = Debug|Any CPU
		{EB3FFA35-1062-419D-B5DA-AE6AB0C8EA4F}.Debug|Any CPU.Build.0 = Debug|Any CPU
		{EB3FFA35-1062-419D-B5DA-AE6AB0C8EA4F}.Release|Any CPU.ActiveCfg = Release|Any CPU
		{EB3FFA35-1062-419D-B5DA-AE6AB0C8EA4F}.Release|Any CPU.Build.0 = Release|Any CPU
	EndGlobalSection
	GlobalSection(SolutionProperties) = preSolution
		HideSolutionNode = FALSE
	EndGlobalSection
	GlobalSection(NestedProjects) = preSolution
		{2B0FBB56-D747-4889-AC01-829F285AE684} = {EBBFF4A0-327F-4B5C-A755-F1A4B3AE3B0D}
		{32366EF9-6A18-422C-B038-FE2ED4C78B7D} = {EBBFF4A0-327F-4B5C-A755-F1A4B3AE3B0D}
		{339EB321-8C8D-4EC0-AF32-5E10BF31657A} = {EBBFF4A0-327F-4B5C-A755-F1A4B3AE3B0D}
		{9CA0F1EA-C636-475A-B0A7-C22A3F0F3DC2} = {EBBFF4A0-327F-4B5C-A755-F1A4B3AE3B0D}
		{CE7C7809-5AB9-4010-BAEB-793F3104F7A0} = {9A7359EE-4581-4CC4-BFF1-A21A523A0947}
		{5701585A-239F-41C1-9040-CF710B56E7F8} = {9A7359EE-4581-4CC4-BFF1-A21A523A0947}
		{13167C84-6297-435F-9E56-EB14F51A7532} = {9A7359EE-4581-4CC4-BFF1-A21A523A0947}
		{740CA039-161A-42C4-AC5E-3409D08D781F} = {9A7359EE-4581-4CC4-BFF1-A21A523A0947}
		{F608CB6A-45D0-4F43-A0F6-D87669B64444} = {9A7359EE-4581-4CC4-BFF1-A21A523A0947}
		{324D46AB-5706-498C-A21D-A3F64151357A} = {EBBFF4A0-327F-4B5C-A755-F1A4B3AE3B0D}
		{7E244833-A250-4AF7-A1C4-C5A5BB8B0E50} = {EBBFF4A0-327F-4B5C-A755-F1A4B3AE3B0D}
		{3519112B-2895-4CCF-A670-43621B54C148} = {9A7359EE-4581-4CC4-BFF1-A21A523A0947}
		{46F54D5C-D55E-4E48-95D3-A6A7F1458C65} = {9A7359EE-4581-4CC4-BFF1-A21A523A0947}
		{4ED6F949-BF52-48FD-9052-35E27ACFF4C3} = {EBBFF4A0-327F-4B5C-A755-F1A4B3AE3B0D}
		{B4980430-45D7-4B21-BAAA-C7EB22EFF36F} = {EBBFF4A0-327F-4B5C-A755-F1A4B3AE3B0D}
		{EB3FFA35-1062-419D-B5DA-AE6AB0C8EA4F} = {EBBFF4A0-327F-4B5C-A755-F1A4B3AE3B0D}
	EndGlobalSection
	GlobalSection(ExtensibilityGlobals) = postSolution
		SolutionGuid = {24C58AE7-213D-4712-B112-A0F59E10EF8C}
	EndGlobalSection
EndGlobal
